# This file is automatically @generated by Cargo.
# It is not intended for manual editing.
version = 3

[[package]]
name = "bis_enf"
version = "0.1.0"
dependencies = [
 "byteorder",
 "log",
 "vfs",
]

[[package]]
name = "byteorder"
version = "1.4.3"
source = "registry+https://github.com/rust-lang/crates.io-index"
checksum = "14c189c53d098945499cdfa7ecc63567cf3886b3332b312a5b4585d8d3a6a610"

[[package]]
name = "log"
version = "0.4.20"
source = "registry+https://github.com/rust-lang/crates.io-index"
checksum = "b5e6163cb8c49088c2c36f57875e58ccd8c87c7427f7fbd50ea6710b2f3f2e8f"

[[package]]
name = "vfs"
version = "0.9.0"
source = "registry+https://github.com/rust-lang/crates.io-index"
checksum = "ded573c92d7b32013bdab82676be59f56106895e837504568f32804980ec7868"
